# THIS IS AN AUTOGENERATED FILE. DO NOT EDIT THIS FILE DIRECTLY.
# yarn lockfile v1


"@babel/runtime-corejs3@^7.7.4":
  version "7.9.6"
  resolved "https://registry.yarnpkg.com/@babel/runtime-corejs3/-/runtime-corejs3-7.9.6.tgz#67aded13fffbbc2cb93247388cf84d77a4be9a71"
  integrity sha512-6toWAfaALQjt3KMZQc6fABqZwUDDuWzz+cAfPhqyEnzxvdWOAkjwPNxgF8xlmo7OWLsSjaKjsskpKHRLaMArOA==
  dependencies:
    core-js-pure "^3.0.0"
    regenerator-runtime "^0.13.4"

"@babel/runtime@^7.7.4", "@babel/runtime@^7.9.2", "@babel/runtime@^7.9.6":
  version "7.9.6"
  resolved "https://registry.yarnpkg.com/@babel/runtime/-/runtime-7.9.6.tgz#a9102eb5cadedf3f31d08a9ecf294af7827ea29f"
  integrity sha512-64AF1xY3OAkFHqOb9s4jpgk1Mm5vDZ4L3acHvAml+53nO1XbXLuDodsVpO4OIUsmemlUHMxNdYMNJmsvOwLrvQ==
  dependencies:
    regenerator-runtime "^0.13.4"

"@jest/types@^25.5.0":
  version "25.5.0"
  resolved "https://registry.yarnpkg.com/@jest/types/-/types-25.5.0.tgz#4d6a4793f7b9599fc3680877b856a97dbccf2a9d"
  integrity sha512-OXD0RgQ86Tu3MazKo8bnrkDRaDXXMGUqd+kTtLtK1Zb7CRzQcaSRPPPV37SvYTdevXEBVxe0HXylEjs8ibkmCw==
  dependencies:
    "@types/istanbul-lib-coverage" "^2.0.0"
    "@types/istanbul-reports" "^1.1.1"
    "@types/yargs" "^15.0.0"
    chalk "^3.0.0"

"@jest/types@^26.0.1":
  version "26.0.1"
  resolved "https://registry.yarnpkg.com/@jest/types/-/types-26.0.1.tgz#b78333fbd113fa7aec8d39de24f88de8686dac67"
  integrity sha512-IbtjvqI9+eS1qFnOIEL7ggWmT+iK/U+Vde9cGWtYb/b6XgKb3X44ZAe/z9YZzoAAZ/E92m0DqrilF934IGNnQA==
  dependencies:
    "@types/istanbul-lib-coverage" "^2.0.0"
    "@types/istanbul-reports" "^1.1.1"
    "@types/yargs" "^15.0.0"
    chalk "^4.0.0"

"@testing-library/dom@^7.2.2":
  version "7.5.1"
  resolved "https://registry.yarnpkg.com/@testing-library/dom/-/dom-7.5.1.tgz#c3537e2b970576072ea4083e603463843c8a8d2b"
  integrity sha512-c9iQWyFtdsqaVScIlOdgdG3HXWkYvGzin02nJ4LUnzNXKyxqeqq9KPIAAjnmfrSApbRc8mK1l6esiCeEredfRw==
  dependencies:
    "@babel/runtime" "^7.9.6"
    aria-query "^4.0.2"
    dom-accessibility-api "^0.4.3"
    pretty-format "^26.0.1"

"@testing-library/jest-dom@^5.7.0":
  version "5.7.0"
  resolved "https://registry.yarnpkg.com/@testing-library/jest-dom/-/jest-dom-5.7.0.tgz#b2e2acb4c088a293d52ba2cd1674b526282a2f87"
  integrity sha512-ZV0OtBXmTDEDxrIbqJXiOcXCZ6aIMpmDlmfHj0hGNsSuQ/nX0qPAs9HWmCzXvPfTrhufTiH2nJLvDJu/LgHzwQ==
  dependencies:
    "@babel/runtime" "^7.9.2"
    "@types/testing-library__jest-dom" "^5.0.2"
    chalk "^3.0.0"
    css "^2.2.4"
    css.escape "^1.5.1"
    jest-diff "^25.1.0"
    jest-matcher-utils "^25.1.0"
    lodash "^4.17.15"
    redent "^3.0.0"

"@testing-library/react@^10.0.4":
  version "10.0.4"
  resolved "https://registry.yarnpkg.com/@testing-library/react/-/react-10.0.4.tgz#8e0e299cd91acc626d81ed8489fdc13df864c31d"
  integrity sha512-2e1B5debfuiIGbvUuiSXybskuh7ZTVJDDvG/IxlzLOY9Co/mKFj9hIklAe2nGZYcOUxFaiqWrRZ9vCVGzJfRlQ==
  dependencies:
    "@babel/runtime" "^7.9.6"
    "@testing-library/dom" "^7.2.2"
    "@types/testing-library__react" "^10.0.1"

"@types/color-name@^1.1.1":
  version "1.1.1"
  resolved "https://registry.yarnpkg.com/@types/color-name/-/color-name-1.1.1.tgz#1c1261bbeaa10a8055bbc5d8ab84b7b2afc846a0"
  integrity sha512-rr+OQyAjxze7GgWrSaJwydHStIhHq2lvY3BOC2Mj7KnzI7XK0Uw1TOOdI9lDoajEbSWLiYgoo4f1R51erQfhPQ==

"@types/istanbul-lib-coverage@*", "@types/istanbul-lib-coverage@^2.0.0":
  version "2.0.1"
  resolved "https://registry.yarnpkg.com/@types/istanbul-lib-coverage/-/istanbul-lib-coverage-2.0.1.tgz#42995b446db9a48a11a07ec083499a860e9138ff"
  integrity sha512-hRJD2ahnnpLgsj6KWMYSrmXkM3rm2Dl1qkx6IOFD5FnuNPXJIG5L0dhgKXCYTRMGzU4n0wImQ/xfmRc4POUFlg==

"@types/istanbul-lib-report@*":
  version "3.0.0"
  resolved "https://registry.yarnpkg.com/@types/istanbul-lib-report/-/istanbul-lib-report-3.0.0.tgz#c14c24f18ea8190c118ee7562b7ff99a36552686"
  integrity sha512-plGgXAPfVKFoYfa9NpYDAkseG+g6Jr294RqeqcqDixSbU34MZVJRi/P+7Y8GDpzkEwLaGZZOpKIEmeVZNtKsrg==
  dependencies:
    "@types/istanbul-lib-coverage" "*"

"@types/istanbul-reports@^1.1.1":
  version "1.1.1"
  resolved "https://registry.yarnpkg.com/@types/istanbul-reports/-/istanbul-reports-1.1.1.tgz#7a8cbf6a406f36c8add871625b278eaf0b0d255a"
  integrity sha512-UpYjBi8xefVChsCoBpKShdxTllC9pwISirfoZsUa2AAdQg/Jd2KQGtSbw+ya7GPo7x/wAPlH6JBhKhAsXUEZNA==
  dependencies:
    "@types/istanbul-lib-coverage" "*"
    "@types/istanbul-lib-report" "*"

"@types/jest@*":
  version "25.2.1"
  resolved "https://registry.yarnpkg.com/@types/jest/-/jest-25.2.1.tgz#9544cd438607955381c1bdbdb97767a249297db5"
  integrity sha512-msra1bCaAeEdkSyA0CZ6gW1ukMIvZ5YoJkdXw/qhQdsuuDlFTcEUrUw8CLCPt2rVRUfXlClVvK2gvPs9IokZaA==
  dependencies:
    jest-diff "^25.2.1"
    pretty-format "^25.2.1"

"@types/prop-types@*":
  version "15.7.3"
  resolved "https://registry.yarnpkg.com/@types/prop-types/-/prop-types-15.7.3.tgz#2ab0d5da2e5815f94b0b9d4b95d1e5f243ab2ca7"
  integrity sha512-KfRL3PuHmqQLOG+2tGpRO26Ctg+Cq1E01D2DMriKEATHgWLfeNDmq9e29Q9WIky0dQ3NPkd1mzYH8Lm936Z9qw==

"@types/react-dom@*":
  version "16.9.7"
  resolved "https://registry.yarnpkg.com/@types/react-dom/-/react-dom-16.9.7.tgz#60844d48ce252d7b2dccf0c7bb937130e27c0cd2"
  integrity sha512-GHTYhM8/OwUCf254WO5xqR/aqD3gC9kSTLpopWGpQLpnw23jk44RvMHsyUSEplvRJZdHxhJGMMLF0kCPYHPhQA==
  dependencies:
    "@types/react" "*"

"@types/react@*":
  version "16.9.34"
  resolved "https://registry.yarnpkg.com/@types/react/-/react-16.9.34.tgz#f7d5e331c468f53affed17a8a4d488cd44ea9349"
  integrity sha512-8AJlYMOfPe1KGLKyHpflCg5z46n0b5DbRfqDksxBLBTUpB75ypDBAO9eCUcjNwE6LCUslwTz00yyG/X9gaVtow==
  dependencies:
    "@types/prop-types" "*"
    csstype "^2.2.0"

"@types/testing-library__dom@*":
  version "7.0.2"
  resolved "https://registry.yarnpkg.com/@types/testing-library__dom/-/testing-library__dom-7.0.2.tgz#2906f8a0dce58b0746c6ab606f786bd06fe6940e"
  integrity sha512-8yu1gSwUEAwzg2OlPNbGq+ixhmSviGurBu1+ivxRKq1eRcwdjkmlwtPvr9VhuxTq2fNHBWN2po6Iem3Xt5A6rg==
  dependencies:
    pretty-format "^25.1.0"

"@types/testing-library__jest-dom@^5.0.2":
  version "5.0.4"
  resolved "https://registry.yarnpkg.com/@types/testing-library__jest-dom/-/testing-library__jest-dom-5.0.4.tgz#c7bfbafb920cd1ce40506474e70ee73637f33701"
  integrity sha512-Ns69aaNvlxvXkPxIwsqeaWH5vJpwa/pdBIlf8LGkRnbV3tiqUgifs13moLXg1NQ2AM23qRR5CtHarNshvRyEdA==
  dependencies:
    "@types/jest" "*"

"@types/testing-library__react@^10.0.1":
  version "10.0.1"
  resolved "https://registry.yarnpkg.com/@types/testing-library__react/-/testing-library__react-10.0.1.tgz#92bb4a02394bf44428e35f1da2970ed77f803593"
  integrity sha512-RbDwmActAckbujLZeVO/daSfdL1pnjVqas25UueOkAY5r7vriavWf0Zqg7ghXMHa8ycD/kLkv8QOj31LmSYwww==
  dependencies:
    "@types/react-dom" "*"
    "@types/testing-library__dom" "*"
    pretty-format "^25.1.0"

"@types/yargs-parser@*":
  version "15.0.0"
  resolved "https://registry.yarnpkg.com/@types/yargs-parser/-/yargs-parser-15.0.0.tgz#cb3f9f741869e20cce330ffbeb9271590483882d"
  integrity sha512-FA/BWv8t8ZWJ+gEOnLLd8ygxH/2UFbAvgEonyfN6yWGLKc7zVjbpl2Y4CTjid9h2RfgPP6SEt6uHwEOply00yw==

"@types/yargs@^15.0.0":
  version "15.0.4"
  resolved "https://registry.yarnpkg.com/@types/yargs/-/yargs-15.0.4.tgz#7e5d0f8ca25e9d5849f2ea443cf7c402decd8299"
  integrity sha512-9T1auFmbPZoxHz0enUFlUuKRy3it01R+hlggyVUMtnCTQRunsQYifnSGb8hET4Xo8yiC0o0r1paW3ud5+rbURg==
  dependencies:
    "@types/yargs-parser" "*"

ansi-regex@^5.0.0:
  version "5.0.0"
  resolved "https://registry.yarnpkg.com/ansi-regex/-/ansi-regex-5.0.0.tgz#388539f55179bf39339c81af30a654d69f87cb75"
  integrity sha512-bY6fj56OUQ0hU1KjFNDQuJFezqKdrAyFdIevADiqrWHwSlbmBNMHp5ak2f40Pm8JTFyM2mqxkG6ngkHO11f/lg==

ansi-styles@^4.0.0, ansi-styles@^4.1.0:
  version "4.2.1"
  resolved "https://registry.yarnpkg.com/ansi-styles/-/ansi-styles-4.2.1.tgz#90ae75c424d008d2624c5bf29ead3177ebfcf359"
  integrity sha512-9VGjrMsG1vePxcSweQsN20KY/c4zN0h9fLjqAbwbPfahM3t+NL+M9HC8xeXG2I8pX5NoamTGNuomEUFI7fcUjA==
  dependencies:
    "@types/color-name" "^1.1.1"
    color-convert "^2.0.1"

aria-query@^4.0.2:
  version "4.0.2"
  resolved "https://registry.yarnpkg.com/aria-query/-/aria-query-4.0.2.tgz#250687b4ccde1ab86d127da0432ae3552fc7b145"
  integrity sha512-S1G1V790fTaigUSM/Gd0NngzEfiMy9uTUfMyHhKhVyy4cH5O/eTuR01ydhGL0z4Za1PXFTRGH3qL8VhUQuEO5w==
  dependencies:
    "@babel/runtime" "^7.7.4"
    "@babel/runtime-corejs3" "^7.7.4"

atob@^2.1.2:
  version "2.1.2"
  resolved "https://registry.yarnpkg.com/atob/-/atob-2.1.2.tgz#6d9517eb9e030d2436666651e86bd9f6f13533c9"
  integrity sha512-Wm6ukoaOGJi/73p/cl2GvLjTI5JM1k/O14isD73YML8StrH/7/lRFgmg8nICZgD3bZZvjwCGxtMOD3wWNAu8cg==

chalk@^3.0.0:
  version "3.0.0"
  resolved "https://registry.yarnpkg.com/chalk/-/chalk-3.0.0.tgz#3f73c2bf526591f574cc492c51e2456349f844e4"
  integrity sha512-4D3B6Wf41KOYRFdszmDqMCGq5VV/uMAB273JILmO+3jAlh8X4qDtdtgCR3fxtbLEMzSx22QdhnDcJvu2u1fVwg==
  dependencies:
    ansi-styles "^4.1.0"
    supports-color "^7.1.0"

chalk@^4.0.0:
  version "4.0.0"
  resolved "https://registry.yarnpkg.com/chalk/-/chalk-4.0.0.tgz#6e98081ed2d17faab615eb52ac66ec1fe6209e72"
  integrity sha512-N9oWFcegS0sFr9oh1oz2d7Npos6vNoWW9HvtCg5N1KRFpUhaAhvTv5Y58g880fZaEYSNm3qDz8SU1UrGvp+n7A==
  dependencies:
    ansi-styles "^4.1.0"
    supports-color "^7.1.0"

color-convert@^2.0.1:
  version "2.0.1"
  resolved "https://registry.yarnpkg.com/color-convert/-/color-convert-2.0.1.tgz#72d3a68d598c9bdb3af2ad1e84f21d896abd4de3"
  integrity sha512-RRECPsj7iu/xb5oKYcsFHSppFNnsj/52OVTRKb4zP5onXwVF3zVmmToNcOfGC+CRDpfK/U584fMg38ZHCaElKQ==
  dependencies:
    color-name "~1.1.4"

color-name@~1.1.4:
  version "1.1.4"
  resolved "https://registry.yarnpkg.com/color-name/-/color-name-1.1.4.tgz#c2a09a87acbde69543de6f63fa3995c826c536a2"
  integrity sha512-dOy+3AuW3a2wNbZHIuMZpTcgjGuLU/uBL/ubcZF9OXbDo8ff4O8yVp5Bf0efS8uEoYo5q4Fx7dY9OgQGXgAsQA==

core-js-pure@^3.0.0:
  version "3.6.5"
  resolved "https://registry.yarnpkg.com/core-js-pure/-/core-js-pure-3.6.5.tgz#c79e75f5e38dbc85a662d91eea52b8256d53b813"
  integrity sha512-lacdXOimsiD0QyNf9BC/mxivNJ/ybBGJXQFKzRekp1WTHoVUWsUHEn+2T8GJAzzIhyOuXA+gOxCVN3l+5PLPUA==

css.escape@^1.5.1:
  version "1.5.1"
  resolved "https://registry.yarnpkg.com/css.escape/-/css.escape-1.5.1.tgz#42e27d4fa04ae32f931a4b4d4191fa9cddee97cb"
  integrity sha1-QuJ9T6BK4y+TGktNQZH6nN3ul8s=

css@^2.2.4:
  version "2.2.4"
  resolved "https://registry.yarnpkg.com/css/-/css-2.2.4.tgz#c646755c73971f2bba6a601e2cf2fd71b1298929"
  integrity sha512-oUnjmWpy0niI3x/mPL8dVEI1l7MnG3+HHyRPHf+YFSbK+svOhXpmSOcDURUh2aOCgl2grzrOPt1nHLuCVFULLw==
  dependencies:
    inherits "^2.0.3"
    source-map "^0.6.1"
    source-map-resolve "^0.5.2"
    urix "^0.1.0"

csstype@^2.2.0:
  version "2.6.10"
  resolved "https://registry.yarnpkg.com/csstype/-/csstype-2.6.10.tgz#e63af50e66d7c266edb6b32909cfd0aabe03928b"
  integrity sha512-D34BqZU4cIlMCY93rZHbrq9pjTAQJ3U8S8rfBqjwHxkGPThWFjzZDQpgMJY0QViLxth6ZKYiwFBo14RdN44U/w==

decode-uri-component@^0.2.0:
  version "0.2.0"
  resolved "https://registry.yarnpkg.com/decode-uri-component/-/decode-uri-component-0.2.0.tgz#eb3913333458775cb84cd1a1fae062106bb87545"
  integrity sha1-6zkTMzRYd1y4TNGh+uBiEGu4dUU=

diff-sequences@^25.2.6:
  version "25.2.6"
  resolved "https://registry.yarnpkg.com/diff-sequences/-/diff-sequences-25.2.6.tgz#5f467c00edd35352b7bca46d7927d60e687a76dd"
  integrity sha512-Hq8o7+6GaZeoFjtpgvRBUknSXNeJiCx7V9Fr94ZMljNiCr9n9L8H8aJqgWOQiDDGdyn29fRNcDdRVJ5fdyihfg==

dom-accessibility-api@^0.4.3:
  version "0.4.3"
  resolved "https://registry.yarnpkg.com/dom-accessibility-api/-/dom-accessibility-api-0.4.3.tgz#93ca9002eb222fd5a343b6e5e6b9cf5929411c4c"
  integrity sha512-JZ8iPuEHDQzq6q0k7PKMGbrIdsgBB7TRrtVOUm4nSMCExlg5qQG4KXWTH2k90yggjM4tTumRGwTKJSldMzKyLA==

has-flag@^4.0.0:
  version "4.0.0"
  resolved "https://registry.yarnpkg.com/has-flag/-/has-flag-4.0.0.tgz#944771fd9c81c81265c4d6941860da06bb59479b"
  integrity sha512-EykJT/Q1KjTWctppgIAgfSO0tKVuZUjhgMr17kqTumMl6Afv3EISleU7qZUzoXDFTAHTDC4NOoG/ZxU3EvlMPQ==

indent-string@^4.0.0:
  version "4.0.0"
  resolved "https://registry.yarnpkg.com/indent-string/-/indent-string-4.0.0.tgz#624f8f4497d619b2d9768531d58f4122854d7251"
  integrity sha512-EdDDZu4A2OyIK7Lr/2zG+w5jmbuk1DVBnEwREQvBzspBJkCEbRa8GxU1lghYcaGJCnRWibjDXlq779X1/y5xwg==

inherits@^2.0.3:
  version "2.0.4"
  resolved "https://registry.yarnpkg.com/inherits/-/inherits-2.0.4.tgz#0fa2c64f932917c3433a0ded55363aae37416b7c"
  integrity sha512-k/vGaX4/Yla3WzyMCvTQOXYeIHvqOKtnqBduzTHpzpQZzAskKMhZ2K+EnBiSM9zGSoIFeMpXKxa4dYeZIQqewQ==

jest-diff@^25.1.0, jest-diff@^25.2.1, jest-diff@^25.5.0:
  version "25.5.0"
  resolved "https://registry.yarnpkg.com/jest-diff/-/jest-diff-25.5.0.tgz#1dd26ed64f96667c068cef026b677dfa01afcfa9"
  integrity sha512-z1kygetuPiREYdNIumRpAHY6RXiGmp70YHptjdaxTWGmA085W3iCnXNx0DhflK3vwrKmrRWyY1wUpkPMVxMK7A==
  dependencies:
    chalk "^3.0.0"
    diff-sequences "^25.2.6"
    jest-get-type "^25.2.6"
    pretty-format "^25.5.0"

jest-get-type@^25.2.6:
  version "25.2.6"
  resolved "https://registry.yarnpkg.com/jest-get-type/-/jest-get-type-25.2.6.tgz#0b0a32fab8908b44d508be81681487dbabb8d877"
  integrity sha512-DxjtyzOHjObRM+sM1knti6or+eOgcGU4xVSb2HNP1TqO4ahsT+rqZg+nyqHWJSvWgKC5cG3QjGFBqxLghiF/Ig==

jest-matcher-utils@^25.1.0:
  version "25.5.0"
  resolved "https://registry.yarnpkg.com/jest-matcher-utils/-/jest-matcher-utils-25.5.0.tgz#fbc98a12d730e5d2453d7f1ed4a4d948e34b7867"
  integrity sha512-VWI269+9JS5cpndnpCwm7dy7JtGQT30UHfrnM3mXl22gHGt/b7NkjBqXfbhZ8V4B7ANUsjK18PlSBmG0YH7gjw==
  dependencies:
    chalk "^3.0.0"
    jest-diff "^25.5.0"
    jest-get-type "^25.2.6"
    pretty-format "^25.5.0"

"js-tokens@^3.0.0 || ^4.0.0":
  version "4.0.0"
  resolved "https://registry.yarnpkg.com/js-tokens/-/js-tokens-4.0.0.tgz#19203fb59991df98e3a287050d4647cdeaf32499"
  integrity sha512-RdJUflcE3cUzKiMqQgsCu06FPu9UdIJO0beYbPhHN4k6apgJtifcoCtT9bcxOpYBtpD2kCM6Sbzg4CausW/PKQ==

lodash@^4.17.15:
  version "4.17.21"
  resolved "https://registry.yarnpkg.com/lodash/-/lodash-4.17.21.tgz#679591c564c3bffaae8454cf0b3df370c3d6911c"
  integrity sha512-v2kDEe57lecTulaDIuNTPy3Ry4gLGJ6Z1O3vE1krgXZNrsQ+LFTGHVxVjcXPs17LhbZVGedAJv8XZ1tvj5FvSg==

loose-envify@^1.1.0, loose-envify@^1.4.0:
  version "1.4.0"
  resolved "https://registry.yarnpkg.com/loose-envify/-/loose-envify-1.4.0.tgz#71ee51fa7be4caec1a63839f7e682d8132d30caf"
  integrity sha512-lyuxPGr/Wfhrlem2CL/UcnUc1zcqKAImBDzukY7Y5F/yQiNdko6+fRLevlw1HgMySw7f611UIY408EtxRSoK3Q==
  dependencies:
    js-tokens "^3.0.0 || ^4.0.0"

min-indent@^1.0.0:
  version "1.0.0"
  resolved "https://registry.yarnpkg.com/min-indent/-/min-indent-1.0.0.tgz#cfc45c37e9ec0d8f0a0ec3dd4ef7f7c3abe39256"
  integrity sha1-z8RcN+nsDY8KDsPdTvf3w6vjklY=

object-assign@^4.1.1:
  version "4.1.1"
  resolved "https://registry.yarnpkg.com/object-assign/-/object-assign-4.1.1.tgz#2109adc7965887cfc05cbbd442cac8bfbb360863"
  integrity sha1-IQmtx5ZYh8/AXLvUQsrIv7s2CGM=

pretty-format@^25.1.0, pretty-format@^25.2.1, pretty-format@^25.5.0:
  version "25.5.0"
  resolved "https://registry.yarnpkg.com/pretty-format/-/pretty-format-25.5.0.tgz#7873c1d774f682c34b8d48b6743a2bf2ac55791a"
  integrity sha512-kbo/kq2LQ/A/is0PQwsEHM7Ca6//bGPPvU6UnsdDRSKTWxT/ru/xb88v4BJf6a69H+uTytOEsTusT9ksd/1iWQ==
  dependencies:
    "@jest/types" "^25.5.0"
    ansi-regex "^5.0.0"
    ansi-styles "^4.0.0"
    react-is "^16.12.0"

pretty-format@^26.0.1:
  version "26.0.1"
  resolved "https://registry.yarnpkg.com/pretty-format/-/pretty-format-26.0.1.tgz#a4fe54fe428ad2fd3413ca6bbd1ec8c2e277e197"
  integrity sha512-SWxz6MbupT3ZSlL0Po4WF/KujhQaVehijR2blyRDCzk9e45EaYMVhMBn49fnRuHxtkSpXTes1GxNpVmH86Bxfw==
  dependencies:
    "@jest/types" "^26.0.1"
    ansi-regex "^5.0.0"
    ansi-styles "^4.0.0"
    react-is "^16.12.0"

prop-types@^15.6.2:
  version "15.7.2"
  resolved "https://registry.yarnpkg.com/prop-types/-/prop-types-15.7.2.tgz#52c41e75b8c87e72b9d9360e0206b99dcbffa6c5"
  integrity sha512-8QQikdH7//R2vurIJSutZ1smHYTcLpRWEOlHnzcWHmBYrOGUysKwSsrC89BCiFj3CbrfJ/nXFdJepOVrY1GCHQ==
  dependencies:
    loose-envify "^1.4.0"
    object-assign "^4.1.1"
    react-is "^16.8.1"

react-dom@^16.13.1:
  version "16.13.1"
  resolved "https://registry.yarnpkg.com/react-dom/-/react-dom-16.13.1.tgz#c1bd37331a0486c078ee54c4740720993b2e0e7f"
  integrity sha512-81PIMmVLnCNLO/fFOQxdQkvEq/+Hfpv24XNJfpyZhTRfO0QcmQIF/PgCa1zCOj2w1hrn12MFLyaJ/G0+Mxtfag==
  dependencies:
    loose-envify "^1.1.0"
    object-assign "^4.1.1"
    prop-types "^15.6.2"
    scheduler "^0.19.1"

react-is@^16.12.0, react-is@^16.8.1:
  version "16.13.1"
  resolved "https://registry.yarnpkg.com/react-is/-/react-is-16.13.1.tgz#789729a4dc36de2999dc156dd6c1d9c18cea56a4"
  integrity sha512-24e6ynE2H+OKt4kqsOvNd8kBpV65zoxbA4BVsEOB3ARVWQki/DHzaUoC5KuON/BiccDaCCTZBuOcfZs70kR8bQ==

"react-scripts@link:../node_modules/react-scripts":
  version "0.0.0"

react@^16.13.1:
  version "16.13.1"
  resolved "https://registry.yarnpkg.com/react/-/react-16.13.1.tgz#2e818822f1a9743122c063d6410d85c1e3afe48e"
  integrity sha512-YMZQQq32xHLX0bz5Mnibv1/LHb3Sqzngu7xstSM+vrkE5Kzr9xE0yMByK5kMoTK30YVJE61WfbxIFFvfeDKT1w==
  dependencies:
    loose-envify "^1.1.0"
    object-assign "^4.1.1"
    prop-types "^15.6.2"

redent@^3.0.0:
  version "3.0.0"
  resolved "https://registry.yarnpkg.com/redent/-/redent-3.0.0.tgz#e557b7998316bb53c9f1f56fa626352c6963059f"
  integrity sha512-6tDA8g98We0zd0GvVeMT9arEOnTw9qM03L9cJXaCjrip1OO764RDBLBfrB4cwzNGDj5OA5ioymC9GkizgWJDUg==
  dependencies:
    indent-string "^4.0.0"
    strip-indent "^3.0.0"

regenerator-runtime@^0.13.4:
  version "0.13.5"
  resolved "https://registry.yarnpkg.com/regenerator-runtime/-/regenerator-runtime-0.13.5.tgz#d878a1d094b4306d10b9096484b33ebd55e26697"
  integrity sha512-ZS5w8CpKFinUzOwW3c83oPeVXoNsrLsaCoLtJvAClH135j/R77RuymhiSErhm2lKcwSCIpmvIWSbDkIfAqKQlA==

resolve-url@^0.2.1:
  version "0.2.1"
  resolved "https://registry.yarnpkg.com/resolve-url/-/resolve-url-0.2.1.tgz#2c637fe77c893afd2a663fe21aa9080068e2052a"
  integrity sha1-LGN/53yJOv0qZj/iGqkIAGjiBSo=

scheduler@^0.19.1:
  version "0.19.1"
  resolved "https://registry.yarnpkg.com/scheduler/-/scheduler-0.19.1.tgz#4f3e2ed2c1a7d65681f4c854fa8c5a1ccb40f196"
  integrity sha512-n/zwRWRYSUj0/3g/otKDRPMh6qv2SYMWNq85IEa8iZyAv8od9zDYpGSnpBEjNgcMNq6Scbu5KfIPxNF72R/2EA==
  dependencies:
    loose-envify "^1.1.0"
    object-assign "^4.1.1"

source-map-resolve@^0.5.2:
  version "0.5.3"
  resolved "https://registry.yarnpkg.com/source-map-resolve/-/source-map-resolve-0.5.3.tgz#190866bece7553e1f8f267a2ee82c606b5509a1a"
  integrity sha512-Htz+RnsXWk5+P2slx5Jh3Q66vhQj1Cllm0zvnaY98+NFx+Dv2CF/f5O/t8x+KaNdrdIAsruNzoh/KpialbqAnw==
  dependencies:
    atob "^2.1.2"
    decode-uri-component "^0.2.0"
    resolve-url "^0.2.1"
    source-map-url "^0.4.0"
    urix "^0.1.0"

source-map-url@^0.4.0:
  version "0.4.0"
  resolved "https://registry.yarnpkg.com/source-map-url/-/source-map-url-0.4.0.tgz#3e935d7ddd73631b97659956d55128e87b5084a3"
  integrity sha1-PpNdfd1zYxuXZZlW1VEo6HtQhKM=

source-map@^0.6.1:
  version "0.6.1"
  resolved "https://registry.yarnpkg.com/source-map/-/source-map-0.6.1.tgz#74722af32e9614e9c287a8d0bbde48b5e2f1a263"
  integrity sha512-UjgapumWlbMhkBgzT7Ykc5YXUT46F0iKu8SGXq0bcwP5dz/h0Plj6enJqjz1Zbq2l5WaqYnrVbwWOWMyF3F47g==

strip-indent@^3.0.0:
  version "3.0.0"
  resolved "https://registry.yarnpkg.com/strip-indent/-/strip-indent-3.0.0.tgz#c32e1cee940b6b3432c771bc2c54bcce73cd3001"
  integrity sha512-laJTa3Jb+VQpaC6DseHhF7dXVqHTfJPCRDaEbid/drOhgitgYku/letMUqOXFoWV0zIIUbjpdH2t+tYj4bQMRQ==
  dependencies:
    min-indent "^1.0.0"

supports-color@^7.1.0:
  version "7.1.0"
  resolved "https://registry.yarnpkg.com/supports-color/-/supports-color-7.1.0.tgz#68e32591df73e25ad1c4b49108a2ec507962bfd1"
  integrity sha512-oRSIpR8pxT1Wr2FquTNnGet79b3BWljqOuoW/h4oBhxJ/HUbX5nX6JSruTkvXDCFMwDPvsaTTbvMLKZWSy0R5g==
  dependencies:
    has-flag "^4.0.0"

"testing-library-table-queries@link:..":
  version "0.3.0"

urix@^0.1.0:
  version "0.1.0"
  resolved "https://registry.yarnpkg.com/urix/-/urix-0.1.0.tgz#da937f7a62e21fec1fd18d49b35c2935067a6c72"
  integrity sha1-2pN/emLiH+wf0Y1Js1wpNQZ6bHI=
